
Microsoft Visual Studio Solution File, Format Version 12.00
# Visual Studio 2013
VisualStudioVersion = 12.0.30723.0
MinimumVisualStudioVersion = 10.0.40219.1
Project("{FAE04EC0-301F-11D3-BF4B-00C04F79EFBC}") = "ChatWpf", "ChatWpf\ChatWpf.csproj", "{D7D89525-5EC8-423E-8879-F59AFD93726D}"
EndProject
Project("{FAE04EC0-301F-11D3-BF4B-00C04F79EFBC}") = "ChatLib", "ChatLib\ChatLib.csproj", "{ED91D8A7-4AAA-48D6-8A5D-480ECE18E182}"
EndProject
Project("{2150E333-8FDC-42A3-9474-1A3956D46DE8}") = "Express for Desktop", "Express for Desktop", "{55A3FBFA-4D58-4414-8ABD-3A96AD282073}"
EndProject
Project("{FAE04EC0-301F-11D3-BF4B-00C04F79EFBC}") = "ChatLibEx", "Express for Desktop\ChatLibEx\ChatLibEx.csproj", "{3ACE3FC0-B1D1-4997-8356-8CCE2C21AF25}"
EndProject
Project("{FAE04EC0-301F-11D3-BF4B-00C04F79EFBC}") = "ChatWpfEx", "Express for Desktop\ChatWpfEx\ChatWpfEx.csproj", "{07AFB029-6716-4D17-90E5-5CAE00A84D91}"
EndProject
Project("{FAE04EC0-301F-11D3-BF4B-00C04F79EFBC}") = "YoctoMvvm", "YoctoMvvm\Portable\YoctoMvvm\YoctoMvvm.csproj", "{EAD253DD-61A4-453C-8DC9-BCBEEB2CCCC5}"
EndProject
Project("{FAE04EC0-301F-11D3-BF4B-00C04F79EFBC}") = "YoctoMvvm", "YoctoMvvm\Wpf\YoctoMvvm\YoctoMvvm.csproj", "{FD44BD1A-5608-4E51-B8F0-6E4C387E4DA7}"
EndProject
Global
	GlobalSection(SolutionConfigurationPlatforms) = preSolution
		Debug|Any CPU = Debug|Any CPU
		Debug|ARM = Debug|ARM
		Debug|x64 = Debug|x64
		Debug|x86 = Debug|x86
		Release|Any CPU = Release|Any CPU
		Release|ARM = Release|ARM
		Release|x64 = Release|x64
		Release|x86 = Release|x86
	EndGlobalSection
	GlobalSection(ProjectConfigurationPlatforms) = postSolution
		{D7D89525-5EC8-423E-8879-F59AFD93726D}.Debug|Any CPU.ActiveCfg = Debug|Any CPU
		{D7D89525-5EC8-423E-8879-F59AFD93726D}.Debug|Any CPU.Build.0 = Debug|Any CPU
		{D7D89525-5EC8-423E-8879-F59AFD93726D}.Debug|ARM.ActiveCfg = Debug|Any CPU
		{D7D89525-5EC8-423E-8879-F59AFD93726D}.Debug|x64.ActiveCfg = Debug|Any CPU
		{D7D89525-5EC8-423E-8879-F59AFD93726D}.Debug|x86.ActiveCfg = Debug|Any CPU
		{D7D89525-5EC8-423E-8879-F59AFD93726D}.Release|Any CPU.ActiveCfg = Release|Any CPU
		{D7D89525-5EC8-423E-8879-F59AFD93726D}.Release|Any CPU.Build.0 = Release|Any CPU
		{D7D89525-5EC8-423E-8879-F59AFD93726D}.Release|ARM.ActiveCfg = Release|Any CPU
		{D7D89525-5EC8-423E-8879-F59AFD93726D}.Release|x64.ActiveCfg = Release|Any CPU
		{D7D89525-5EC8-423E-8879-F59AFD93726D}.Release|x86.ActiveCfg = Release|Any CPU
		{ED91D8A7-4AAA-48D6-8A5D-480ECE18E182}.Debug|Any CPU.ActiveCfg = Debug|Any CPU
		{ED91D8A7-4AAA-48D6-8A5D-480ECE18E182}.Debug|Any CPU.Build.0 = Debug|Any CPU
		{ED91D8A7-4AAA-48D6-8A5D-480ECE18E182}.Debug|ARM.ActiveCfg = Debug|Any CPU
		{ED91D8A7-4AAA-48D6-8A5D-480ECE18E182}.Debug|x64.ActiveCfg = Debug|Any CPU
		{ED91D8A7-4AAA-48D6-8A5D-480ECE18E182}.Debug|x86.ActiveCfg = Debug|Any CPU
		{ED91D8A7-4AAA-48D6-8A5D-480ECE18E182}.Release|Any CPU.ActiveCfg = Release|Any CPU
		{ED91D8A7-4AAA-48D6-8A5D-480ECE18E182}.Release|Any CPU.Build.0 = Release|Any CPU
		{ED91D8A7-4AAA-48D6-8A5D-480ECE18E182}.Release|ARM.ActiveCfg = Release|Any CPU
		{ED91D8A7-4AAA-48D6-8A5D-480ECE18E182}.Release|x64.ActiveCfg = Release|Any CPU
		{ED91D8A7-4AAA-48D6-8A5D-480ECE18E182}.Release|x86.ActiveCfg = Release|Any CPU
		{3ACE3FC0-B1D1-4997-8356-8CCE2C21AF25}.Debug|Any CPU.ActiveCfg = Debug|Any CPU
		{3ACE3FC0-B1D1-4997-8356-8CCE2C21AF25}.Debug|ARM.ActiveCfg = Debug|Any CPU
		{3ACE3FC0-B1D1-4997-8356-8CCE2C21AF25}.Debug|x64.ActiveCfg = Debug|Any CPU
		{3ACE3FC0-B1D1-4997-8356-8CCE2C21AF25}.Debug|x86.ActiveCfg = Debug|Any CPU
		{3ACE3FC0-B1D1-4997-8356-8CCE2C21AF25}.Release|Any CPU.ActiveCfg = Release|Any CPU
		{3ACE3FC0-B1D1-4997-8356-8CCE2C21AF25}.Release|ARM.ActiveCfg = Release|Any CPU
		{3ACE3FC0-B1D1-4997-8356-8CCE2C21AF25}.Release|x64.ActiveCfg = Release|Any CPU
		{3ACE3FC0-B1D1-4997-8356-8CCE2C21AF25}.Release|x86.ActiveCfg = Release|Any CPU
		{07AFB029-6716-4D17-90E5-5CAE00A84D91}.Debug|Any CPU.ActiveCfg = Debug|Any CPU
		{07AFB029-6716-4D17-90E5-5CAE00A84D91}.Debug|ARM.ActiveCfg = Debug|Any CPU
		{07AFB029-6716-4D17-90E5-5CAE00A84D91}.Debug|x64.ActiveCfg = Debug|Any CPU
		{07AFB029-6716-4D17-90E5-5CAE00A84D91}.Debug|x86.ActiveCfg = Debug|Any CPU
		{07AFB029-6716-4D17-90E5-5CAE00A84D91}.Release|Any CPU.ActiveCfg = Release|Any CPU
		{07AFB029-6716-4D17-90E5-5CAE00A84D91}.Release|ARM.ActiveCfg = Release|Any CPU
		{07AFB029-6716-4D17-90E5-5CAE00A84D91}.Release|x64.ActiveCfg = Release|Any CPU
		{07AFB029-6716-4D17-90E5-5CAE00A84D91}.Release|x86.ActiveCfg = Release|Any CPU
		{EAD253DD-61A4-453C-8DC9-BCBEEB2CCCC5}.Debug|Any CPU.ActiveCfg = Debug|Any CPU
		{EAD253DD-61A4-453C-8DC9-BCBEEB2CCCC5}.Debug|Any CPU.Build.0 = Debug|Any CPU
		{EAD253DD-61A4-453C-8DC9-BCBEEB2CCCC5}.Debug|ARM.ActiveCfg = Debug|Any CPU
		{EAD253DD-61A4-453C-8DC9-BCBEEB2CCCC5}.Debug|x64.ActiveCfg = Debug|Any CPU
		{EAD253DD-61A4-453C-8DC9-BCBEEB2CCCC5}.Debug|x86.ActiveCfg = Debug|Any CPU
		{EAD253DD-61A4-453C-8DC9-BCBEEB2CCCC5}.Release|Any CPU.ActiveCfg = Release|Any CPU
		{EAD253DD-61A4-453C-8DC9-BCBEEB2CCCC5}.Release|Any CPU.Build.0 = Release|Any CPU
		{EAD253DD-61A4-453C-8DC9-BCBEEB2CCCC5}.Release|ARM.ActiveCfg = Release|Any CPU
		{EAD253DD-61A4-453C-8DC9-BCBEEB2CCCC5}.Release|x64.ActiveCfg = Release|Any CPU
		{EAD253DD-61A4-453C-8DC9-BCBEEB2CCCC5}.Release|x86.ActiveCfg = Release|Any CPU
		{FD44BD1A-5608-4E51-B8F0-6E4C387E4DA7}.Debug|Any CPU.ActiveCfg = Debug|Any CPU
		{FD44BD1A-5608-4E51-B8F0-6E4C387E4DA7}.Debug|Any CPU.Build.0 = Debug|Any CPU
		{FD44BD1A-5608-4E51-B8F0-6E4C387E4DA7}.Debug|ARM.ActiveCfg = Debug|Any CPU
		{FD44BD1A-5608-4E51-B8F0-6E4C387E4DA7}.Debug|x64.ActiveCfg = Debug|Any CPU
		{FD44BD1A-5608-4E51-B8F0-6E4C387E4DA7}.Debug|x86.ActiveCfg = Debug|Any CPU
		{FD44BD1A-5608-4E51-B8F0-6E4C387E4DA7}.Release|Any CPU.ActiveCfg = Release|Any CPU
		{FD44BD1A-5608-4E51-B8F0-6E4C387E4DA7}.Release|Any CPU.Build.0 = Release|Any CPU
		{FD44BD1A-5608-4E51-B8F0-6E4C387E4DA7}.Release|ARM.ActiveCfg = Release|Any CPU
		{FD44BD1A-5608-4E51-B8F0-6E4C387E4DA7}.Release|x64.ActiveCfg = Release|Any CPU
		{FD44BD1A-5608-4E51-B8F0-6E4C387E4DA7}.Release|x86.ActiveCfg = Release|Any CPU
	EndGlobalSection
	GlobalSection(SolutionProperties) = preSolution
		HideSolutionNode = FALSE
	EndGlobalSection
	GlobalSection(NestedProjects) = preSolution
		{3ACE3FC0-B1D1-4997-8356-8CCE2C21AF25} = {55A3FBFA-4D58-4414-8ABD-3A96AD282073}
		{07AFB029-6716-4D17-90E5-5CAE00A84D91} = {55A3FBFA-4D58-4414-8ABD-3A96AD282073}
		{FD44BD1A-5608-4E51-B8F0-6E4C387E4DA7} = {55A3FBFA-4D58-4414-8ABD-3A96AD282073}
	EndGlobalSection
EndGlobal
